{
  "lockfileVersion": 2,
  "configVersion": 1,
  "workspaces": {
    "": {
      "name": "geo-reach",
    },
    "apps/web": {
      "name": "web",
      "version": "0.0.0",
      "dependencies": {
        "@dnd-kit/core": "^6.3.1",
        "@dnd-kit/modifiers": "^9.0.0",
        "@dnd-kit/sortable": "^10.0.0",
        "@dnd-kit/utilities": "^3.2.2",
        "@ign-junn/design-system": "^0.31.2",
        "@mantine/code-highlight": "^9.7.1",
        "@mantine/core": "^9.7.1",
        "@mantine/hooks": "^9.7.1",
        "highlight.js": "^11.12.0",
        "maplibre-gl": "^6.13.0",
        "react": "^19.2.8",
        "react-dom": "^19.2.8",
        "react-router": "^8.4.0",
      },
      "devDependencies": {
        "@types/geojson": "^7946.0.16",
        "@types/node": "^24.13.3",
        "@types/react": "^19.2.18",
        "@types/react-dom": "^19.2.7",
        "@vitejs/plugin-react": "^6.1.1",
        "oxlint": "^1.81.0",
        "typescript": "~6.0.2",
        "vite": "^8.3.0",
      },
    },
  },
  "packages": {
    "@dnd-kit/accessibility": ["@dnd-kit/accessibility@3.1.1", "", { "dependencies": { "tslib": "^2.0.0" }, "peerDependencies": { "react": ">=16.8.0" } }, "sha512-2P+YgaXF+gRsIihwwY1gCsQSYnu9Zyj2py8kY5fFvUM1qm2WA2u639R6YNVfU4GWr+ZM5mqEsfHZZLoRONbemw=="],

    "@dnd-kit/core": ["@dnd-kit/core@6.3.1", "", { "dependencies": { "@dnd-kit/accessibility": "^3.1.1", "@dnd-kit/utilities": "^3.2.2", "tslib": "^2.0.0" }, "peerDependencies": { "react": ">=16.8.0", "react-dom": ">=16.8.0" } }, "sha512-xkGBRQQab4RLwgXxoqETICr6S5JlogafbhNsidmrkVv2YRs5MLwpjoF2qpiGjQt8S9AoxtIV603s0GIUpY5eYQ=="],

    "@dnd-kit/modifiers": ["@dnd-kit/modifiers@9.0.0", "", { "dependencies": { "@dnd-kit/utilities": "^3.2.2", "tslib": "^2.0.0" }, "peerDependencies": { "@dnd-kit/core": "^6.3.0", "react": ">=16.8.0" } }, "sha512-ybiLc66qRGuZoC20wdSSG6pDXFikui/dCNGthxv4Ndy8ylErY0N3KVxY2bgo7AWwIbxDmXDg3ylAFmnrjcbVvw=="],

    "@dnd-kit/sortable": ["@dnd-kit/sortable@10.0.0", "", { "dependencies": { "@dnd-kit/utilities": "^3.2.2", "tslib": "^2.0.0" }, "peerDependencies": { "@dnd-kit/core": "^6.3.0", "react": ">=16.8.0" } }, "sha512-+xqhmIIzvAYMGfBYYnbKuNicfSsk4RksY2XdmJhT+HAC01nix6fHCztU68jooFiMUB01Ky3F0FyOvhG/BZrWkg=="],

    "@dnd-kit/utilities": ["@dnd-kit/utilities@3.2.2", "", { "dependencies": { "tslib": "^2.0.0" }, "peerDependencies": { "react": ">=16.8.0" } }, "sha512-+MKAJEOfaBe5SmV6t34p80MMKhjvUz0vRrvVJbPT0WElzaOJ/1xs+D+KDv+tD/NE5ujfrChEcshd4fLn0wpiqg=="],

    "@floating-ui/core": ["@floating-ui/core@1.8.0", "", { "dependencies": { "@floating-ui/utils": "^0.2.12" } }, "sha512-0CIZ5itps/8x7BG8dEIhs53BvCUH2PCoogtakwRTut+Arm58sJooJ0AuZhLw2HJYIR5cMLNPBSS728sPho2khQ=="],

    "@floating-ui/dom": ["@floating-ui/dom@1.8.0", "", { "dependencies": { "@floating-ui/core": "^1.8.0", "@floating-ui/utils": "^0.2.12" } }, "sha512-yXSrzeHZBTZadLOlfyhCkJHNeLJnHRnRInwdZ40L7ZiaAtrBwoYlsDrX3v5zB1Utk7CLfzcOVnVVWoXEky7Ceg=="],

    "@floating-ui/react": ["@floating-ui/react@0.27.20", "", { "dependencies": { "@floating-ui/react-dom": "^2.1.9", "@floating-ui/utils": "^0.2.12", "tabbable": "^6.0.0" }, "peerDependencies": { "react": ">=17.0.0", "react-dom": ">=17.0.0" } }, "sha512-CMqMy7OaXl9W0eq1Uy7L7i2Y/anPvHmFmESd2CEw0t5YvZhcVCeo4MBevAmswRllX7Y2dEidA4ozGPunLSTQpw=="],

    "@floating-ui/react-dom": ["@floating-ui/react-dom@2.1.9", "", { "dependencies": { "@floating-ui/dom": "^1.8.0" }, "peerDependencies": { "react": ">=16.8.0", "react-dom": ">=16.8.0" } }, "sha512-JDjEFGCpImxDCA7JJKviA0M9+RtmJdj0m/NVU5IMgBK+AmZouAQQ7/+2GLH0GXXY0YMw9oXPB8hKdbPYg5QLYg=="],

    "@floating-ui/utils": ["@floating-ui/utils@0.2.12", "", {}, "sha512-HpCo8tmWzLVad5s2d19EhAz5zqrrQ6s69qd6moPMQvkOuSwDT1YgRfWSVuc4ennqrgv3OHppiOGMQ7oC13yIww=="],

    "@fontsource/fira-sans": ["@fontsource/fira-sans@5.3.0", "", {}, "sha512-z1SKSG7eRhm3srlb7rQ3j77QP4TP7OFxCZ4wUWhCdt+3hOF9K0AyvybpAsz6+JWNcCVV7AqC7dbOT3e67P2r5A=="],

    "@fontsource/open-sans": ["@fontsource/open-sans@5.3.0", "", {}, "sha512-V1bdMlGNyZrJwzrdusshMOw2YR0aqYDL7kOo9dkxUEKl8dFv66A9HLckOOXl572sG/7ohhDQrCrTFGSn9LZcSw=="],

    "@ign-junn/design-system": ["@ign-junn/design-system@0.31.2", "", { "dependencies": { "@fontsource/fira-sans": "^5.3.0", "@fontsource/open-sans": "^5.3.0", "@tabler/icons-react": "^3.48.0", "@xyflow/react": "^12.12.0", "elkjs": "^0.12.0" }, "peerDependencies": { "@dnd-kit/core": "^6.3.1", "@dnd-kit/modifiers": "^9.0.0", "@dnd-kit/sortable": "^10.0.0", "@dnd-kit/utilities": "^3.2.2", "@mantine/code-highlight": "^9.6.2", "@mantine/core": "^9.6.2", "@mantine/hooks": "^9.6.2", "highlight.js": "^11.12.0", "react": "^19.2.8", "react-dom": "^19.2.8", "react-router": "^8.4.0" } }, "sha512-Y8/ZlqxDIJdzSVnL1pkRzaVRjnrnwgB5s5B+44q5tTQo1rGMtvsyogK8xI+H/PN35Etm7//bGppwWpUgGug7wA=="],

    "@mantine/code-highlight": ["@mantine/code-highlight@9.7.1", "", { "dependencies": { "clsx": "^2.1.1" }, "peerDependencies": { "@mantine/core": "9.7.1", "@mantine/hooks": "9.7.1", "react": "^19.2.0", "react-dom": "^19.2.0" } }, "sha512-iKr+gUauwvW5yrdB6rSNAeKCZqwuzXpb5pwopgymCB9JJs/UI7mfR5vyRkR5NkDgZOUHJU4O1QqzzG3bkroWPA=="],

    "@mantine/core": ["@mantine/core@9.7.1", "", { "dependencies": { "@floating-ui/react": "^0.27.20", "clsx": "^2.1.1", "react-number-format": "^5.4.5", "react-remove-scroll": "^2.7.2", "type-fest": "^5.10.0" }, "peerDependencies": { "@mantine/hooks": "9.7.1", "react": "^19.2.0", "react-dom": "^19.2.0" } }, "sha512-SU1xklOfdEDzpPhw35ti9rF4QRE9HUongCe37C+xCO2Ea8MLJkAzreCrMxb8qcCij+gnF7SQbtTCBa1r+pKxYA=="],

    "@mantine/hooks": ["@mantine/hooks@9.7.1", "", { "peerDependencies": { "react": "^19.2.0" } }, "sha512-C1xD4A3bfB87nUsLHr42WqOabnK4G+fCyEf8FN14EEiZAcKjdcWJbK63qxhIXFKuHCc3acLbpm2ts9UqmLASTw=="],

    "@mapbox/jsonlint-lines-primitives": ["@mapbox/jsonlint-lines-primitives@2.0.3", "", {}, "sha512-0SElaV0uMxEnxzBhhX9WTuPyUeMsAN/SS0i16tjuba4/mio63MG9khjC1a0JAiPGXAwvwm4UfHJURCN7nyudQg=="],

    "@mapbox/point-geometry": ["@mapbox/point-geometry@1.1.0", "", {}, "sha512-YGcBz1cg4ATXDCM/71L9xveh4dynfGmcLDqufR+nQQy3fKwsAZsWd/x4621/6uJaeB9mwOHE6hPeDgXz9uViUQ=="],

    "@mapbox/tiny-sdf": ["@mapbox/tiny-sdf@2.2.0", "", {}, "sha512-LVL4wgI9YAum5V+LNVQO6QgFBPw7/MIIY4XJPNsPDMrjEwcE+JfKk1LuIl8GnF197ejVdC9QdPaxrx5gfgdGXg=="],

    "@mapbox/unitbezier": ["@mapbox/unitbezier@1.0.0", "", {}, "sha512-fqd515fjBmANKGGsQ286E2Wvj/XvDFpGzwJxq4CI6jMQue6Oy04uCKp+JWKF00xRTmk6cEu1jPJ9p3xqH8YWqQ=="],

    "@mapbox/vector-tile": ["@mapbox/vector-tile@3.0.0", "", { "dependencies": { "@mapbox/point-geometry": "~1.1.0", "@types/geojson": "^7946.0.16", "pbf": "^5.0.0" } }, "sha512-Qf10S1uIHMk20ri/IVBnpS+esUEkVaR5Hftmz88jTInrpmWgPGJfPe3LVjjlE77trLx8tH6qjTG7uWH9hIq/0Q=="],

    "@maplibre/geojson-vt": ["@maplibre/geojson-vt@6.1.2", "", { "dependencies": { "kdbush": "^4.1.0" } }, "sha512-2ZYhobdAY+y4/P/z1xe0698165LywD0yDdWugdu3NRUrajgVWut+tLkcz7i/RJguMTURwK7gxwmwYMFJbgbQFw=="],

    "@maplibre/maplibre-gl-style-spec": ["@maplibre/maplibre-gl-style-spec@26.4.4", "", { "dependencies": { "@mapbox/jsonlint-lines-primitives": "^2.0.3", "@mapbox/unitbezier": "^1.0.0", "json-stringify-pretty-compact": "^4.0.0", "minimist": "^1.2.8", "quickselect": "^3.0.0", "tinyqueue": "^3.0.0" }, "bin": { "gl-style-format": "dist/gl-style-format.mjs", "gl-style-migrate": "dist/gl-style-migrate.mjs", "gl-style-validate": "dist/gl-style-validate.mjs" } }, "sha512-hG4RZR4PBd/+6A3ODdZ3AnQRF106ZQk1y3bhwDg8bH/A4Oz2tnRUJVVWs9BZa6gXZ1d3UKe89C+Mm+olGBELvA=="],

    "@maplibre/mlt": ["@maplibre/mlt@1.3.0", "", { "dependencies": { "@mapbox/point-geometry": "^1.1.0" } }, "sha512-7M2O7ABM80Oi8XPkfkrjKB8mOBIxGoVgkA52Mu4RMWoBvvMdagQ522+WxVYujZsMpqIr3BpzrTbXrm4k8lCzCQ=="],

    "@maplibre/vt-pbf": ["@maplibre/vt-pbf@4.3.2", "", { "dependencies": { "@mapbox/point-geometry": "^1.1.0", "@types/geojson": "^7946.0.16", "pbf": "^5.1.0" } }, "sha512-j6p0AdjvAR19Z3XaCysle7A4ZSo08tYOzxD0Y9NQylwPAkwJJeYub5b2eVucdeDh7erhv69DahoLOevDRERRUw=="],

    "@oxc-project/types": ["@oxc-project/types@0.153.0", "", {}, "sha512-jSNrRIyvPVLL5E1z/tS5zLAprosGz/FuI1PWwEOz59j3E4TTTzSpqKb/RDGqJhhW0QHYISGXxq582wGx6T11Tw=="],

    "@oxlint/binding-android-arm-eabi": ["@oxlint/binding-android-arm-eabi@1.87.0", "", { "os": "android", "cpu": "arm" }, "sha512-22tVIHlB9898OYsBKmYB6He1MCSqdTmK1BVWuSNUTVrpS0KWNege+U9uEYqGJ+KatQag0r/oU44i3OOs46z7HQ=="],

    "@oxlint/binding-android-arm64": ["@oxlint/binding-android-arm64@1.87.0", "", { "os": "android", "cpu": "arm64" }, "sha512-JfZQ3MWf74n8ov0DojZpkOduIubYJvZL5tbTMMhDutsal6u1xH1QuNpN+lK+EQwF8AeAfgwTR2fgh5U2br27XA=="],

    "@oxlint/binding-darwin-arm64": ["@oxlint/binding-darwin-arm64@1.87.0", "", { "os": "darwin", "cpu": "arm64" }, "sha512-rkx6Xvvw93z2GImVOyvbZwAZcoY0Z6MJW177XNsSB+i/CBsH7ANyelTp01VZyIkM3iSXtqKVb4+ptBgPHap5pQ=="],

    "@oxlint/binding-darwin-x64": ["@oxlint/binding-darwin-x64@1.87.0", "", { "os": "darwin", "cpu": "x64" }, "sha512-cw5nYw7L/pQ2SgGBgOcg/Qo89llQre3vIc/kuBLhSICzu1r5s8L76H3ug6AIFsD98WpROj8/z5JVzkf4daxHaQ=="],

    "@oxlint/binding-freebsd-x64": ["@oxlint/binding-freebsd-x64@1.87.0", "", { "os": "freebsd", "cpu": "x64" }, "sha512-x/SuznE6loRZK9gz9AS4ZmzNzSu+5KdeoCS+sVHhnrE8HM6AD8UyTjwldQTTqlXGvkwHASgB0NiTNOc3o3PdAg=="],

    "@oxlint/binding-linux-arm-gnueabihf": ["@oxlint/binding-linux-arm-gnueabihf@1.87.0", "", { "os": "linux", "cpu": "arm" }, "sha512-+JEDmCAXiiFmKhAjZhgAOwaHWY6WENOQ5QA+lFuY59tgsUCDOTRi46B+lENK6CWvtxsXpwkZXNOgpjAQcpIpnA=="],

    "@oxlint/binding-linux-arm-musleabihf": ["@oxlint/binding-linux-arm-musleabihf@1.87.0", "", { "os": "linux", "cpu": "arm" }, "sha512-/uC9XqXLAC9AHFLNycwmSQEvKqGrOCgU+uXALI7gNW0DG81TJ/3T2eHnKdRvcb5R1gFEfjxDwI4e4zIa29rICQ=="],

    "@oxlint/binding-linux-arm64-gnu": ["@oxlint/binding-linux-arm64-gnu@1.87.0", "", { "os": "linux", "cpu": "arm64" }, "sha512-FTRYPsBy/M728vnUv7l+KAwSAa3Qi4BQbhVvy7NYuMTZ0sUa/OWsbMx79HVFw6u/5KWcaYayDsoOiv7xbevzDg=="],

    "@oxlint/binding-linux-arm64-musl": ["@oxlint/binding-linux-arm64-musl@1.87.0", "", { "os": "linux", "cpu": "arm64" }, "sha512-6sC+N7IY0h1egd8SrYUGNN7CUyKJZ4bIZakKa7V7hfinf4jfi8Kq4+klJvFp5DqXcwMn44I5MeBwmJluO1odFg=="],

    "@oxlint/binding-linux-ppc64-gnu": ["@oxlint/binding-linux-ppc64-gnu@1.87.0", "", { "os": "linux", "cpu": "ppc64" }, "sha512-d5Mnn+ICbhoJPi37Ccjy+86T5qfH2+mSTrTMBXNPfB+wqSWOayBBLLIrCXdUy1YssluCVdGkl+DO9w5r5ODmUA=="],

    "@oxlint/binding-linux-riscv64-gnu": ["@oxlint/binding-linux-riscv64-gnu@1.87.0", "", { "os": "linux", "cpu": "none" }, "sha512-sf5YWuUo1Dx9loqWCgF8P278MycfcD4JHjDC/LV5j11L3Lqa4PFiwCjD6B8kP4AjsgZZkLn3xbpJEtZBaccs4Q=="],

    "@oxlint/binding-linux-riscv64-musl": ["@oxlint/binding-linux-riscv64-musl@1.87.0", "", { "os": "linux", "cpu": "none" }, "sha512-+aCraYbmK3uU3P0rFojjeaK9pGY6JvBDXh/0CM+gPyWKmNmXmnFe0qj4qj02U4ibFpbd9Pa9CmDvIdjJUd29rA=="],

    "@oxlint/binding-linux-s390x-gnu": ["@oxlint/binding-linux-s390x-gnu@1.87.0", "", { "os": "linux", "cpu": "s390x" }, "sha512-7rzbZQIljo6VLWVPqUyLa2P/WV3VFsJB4M52R4NCUJn1A50yjtUsHxiMHFL9opEKGFIiTbZ3VQzmtcJOPUq4NQ=="],

    "@oxlint/binding-linux-x64-gnu": ["@oxlint/binding-linux-x64-gnu@1.87.0", "", { "os": "linux", "cpu": "x64" }, "sha512-Dry46Fa+AXE/xt9J/YriujU1pU9mzfNWHGQwtOYibAFH8HLrKWCi93AhIGnuUMiwn2JbuBkRyz51f50Ly4r4ow=="],

    "@oxlint/binding-linux-x64-musl": ["@oxlint/binding-linux-x64-musl@1.87.0", "", { "os": "linux", "cpu": "x64" }, "sha512-f/HMZez74gJvnRpGz+b5sdGyWrEgRLmFTXg9sNoqjPWogGxYHUhXKTKyMiYsu9rUGR2ciYqL3fk+Ua4JhMJbRA=="],

    "@oxlint/binding-openharmony-arm64": ["@oxlint/binding-openharmony-arm64@1.87.0", "", { "os": "none", "cpu": "arm64" }, "sha512-lEC6ZfPZm/07JlB7FsOWX9o1RiHlXiBW594LSUGuXmekC8LZmvUPP9XzE2WZcNxJi5cHA/Fw56o02c3JxgMA5g=="],

    "@oxlint/binding-win32-arm64-msvc": ["@oxlint/binding-win32-arm64-msvc@1.87.0", "", { "os": "win32", "cpu": "arm64" }, "sha512-afBWKOD36dUiA9AenaiWpCg8xfyUVPYznyAAVXu413brK4RA5UI/Xoc4yfeGIT8G1a44MV+JR7hioryerBDzGQ=="],

    "@oxlint/binding-win32-ia32-msvc": ["@oxlint/binding-win32-ia32-msvc@1.87.0", "", { "os": "win32", "cpu": "ia32" }, "sha512-daptNsEOuru4/nJTxV4DBHNJ5GepzmaBVQf+jjgKQGi9NRlZKik+RFq4hUL7ewsF1pwjKM+SkYaMbF82UwFGnw=="],

    "@oxlint/binding-win32-x64-msvc": ["@oxlint/binding-win32-x64-msvc@1.87.0", "", { "os": "win32", "cpu": "x64" }, "sha512-k+m/EShyXE29J/r1fjk0HlAzhN5JhIvj044oSJkXTEkCLrWZQgXb/3r4q5LTw/eaKW/4GuMXG2xmiJs3s5rPNw=="],

    "@remix-run/route-pattern": ["@remix-run/route-pattern@0.22.1", "", {}, "sha512-czdGJWh09Lapvcqt7Vb09KlrU2PhRJ8xQaI+AItTuD9aDJ5MAgxnS38lnys6Ll+6RJEqPiaUqTwIQhVLwFvv+w=="],

    "@rolldown/binding-android-arm-eabi": ["@rolldown/binding-android-arm-eabi@1.2.13", "", { "os": "android", "cpu": "arm" }, "sha512-Vu/NICrgdRvUOeaJZIyB2FP63s6fO/4ud5l8dXmxDx9yDyn+mN0y+gsvsVviSli+T361Aqo0h46EuMoobrwawA=="],

    "@rolldown/binding-android-arm64": ["@rolldown/binding-android-arm64@1.2.13", "", { "os": "android", "cpu": "arm64" }, "sha512-6LEoIrGy5vvCd2boNnv2soPSUZj/PRvhp8R/t9KlX+mIZxThIE/ZqxrGXxmuNX0FuvQFvLdZr7S4HrYpYBVhEQ=="],

    "@rolldown/binding-darwin-arm64": ["@rolldown/binding-darwin-arm64@1.2.13", "", { "os": "darwin", "cpu": "arm64" }, "sha512-CaJSRzlQ6Q+zkDMVA9OkVxBjVoPRCDEE3v0FSJ9kIQBgRjFApA3Si4ijhbNVUji7ZJt+PfO0e46qy4nPInHUPA=="],

    "@rolldown/binding-darwin-x64": ["@rolldown/binding-darwin-x64@1.2.13", "", { "os": "darwin", "cpu": "x64" }, "sha512-e4r340I5hxSzJkD3YJBxgzq/rJ3wwxwdLLb2FPt1Zpyem20nrQPT11DDEEkazwxaHumH8wpglsp/Ozgj/wT6mw=="],

    "@rolldown/binding-freebsd-x64": ["@rolldown/binding-freebsd-x64@1.2.13", "", { "os": "freebsd", "cpu": "x64" }, "sha512-hoBWDZ4/K/mJKVMbsgUd1jfpA2DiOrJ54mpegObU9TBHBBrtX4FLIXJJQRDPZ/2Dn91GvPob+Z2hwKJzf4E5SQ=="],

    "@rolldown/binding-linux-arm-gnueabihf": ["@rolldown/binding-linux-arm-gnueabihf@1.2.13", "", { "os": "linux", "cpu": "arm" }, "sha512-oF9fZu3vTWnTiVAkDFxU9PJLt1nh20K9RRpuHsR7ZnE2L7XookBbDBVLojCVSLGbvtSlxeUNnjAj6DbNsKyzbg=="],

    "@rolldown/binding-linux-arm64-gnu": ["@rolldown/binding-linux-arm64-gnu@1.2.13", "", { "os": "linux", "cpu": "arm64" }, "sha512-DTpb/+jMiqWMPgphn4ksW1zW+XLJ6dJJ9FMvnIk9I291LhCctMPhMYJrP5t9p6C9qa3KXadDdUEZHBaPh3kNxQ=="],

    "@rolldown/binding-linux-arm64-musl": ["@rolldown/binding-linux-arm64-musl@1.2.13", "", { "os": "linux", "cpu": "arm64" }, "sha512-xU+Kvv9N2A3SY35zFh1FWWNjxbadE/BKeqnkXe7vScU4GZsw757BlVmDLITZEq8DPpk6m7uoDYkK7P+x/uU5Ow=="],

    "@rolldown/binding-linux-ppc64-gnu": ["@rolldown/binding-linux-ppc64-gnu@1.2.13", "", { "os": "linux", "cpu": "ppc64" }, "sha512-XMk/hnhh25oQ756Lclb1Q11h4ll0xC0Esa5w4Vzp+mAE2S3AGJgeM0SonrIgY8fHhjarb6hcoTuwoFG0VVP2ig=="],

    "@rolldown/binding-linux-s390x-gnu": ["@rolldown/binding-linux-s390x-gnu@1.2.13", "", { "os": "linux", "cpu": "s390x" }, "sha512-U1BoTHYmlywE2n3HUWjzZ+8EQsKr+OwpxYuDWaubx42tUL8QSL7nOqRz/NVHanibbFP3M1Rxuprz/wNcbMKjqw=="],

    "@rolldown/binding-linux-x64-gnu": ["@rolldown/binding-linux-x64-gnu@1.2.13", "", { "os": "linux", "cpu": "x64" }, "sha512-J4cm80Pc6wEwV5AZ42o62sIQgDk+Y7R2s646jIwuvO+4V46QB58N4vVuMPWCBaNgursXLpmUWJV//WQAkPvHBQ=="],

    "@rolldown/binding-linux-x64-musl": ["@rolldown/binding-linux-x64-musl@1.2.13", "", { "os": "linux", "cpu": "x64" }, "sha512-W0euZS40U4V6JkmEnVCIX9mcsL6cbXQ4X8c2w+MMOIjFg68TXUW+u3RT+2e1t1pv9mg/EP3pDtK3POXdQ7Rxyw=="],

    "@rolldown/binding-openharmony-arm64": ["@rolldown/binding-openharmony-arm64@1.2.13", "", { "os": "none", "cpu": "arm64" }, "sha512-do/AF/4n9MRshia3a5aXoy8xM2c6mgfT6D7H/dY6my5z+hfCIR4ab7mk4IRj++nsEQpKy39kd0DQnDq+r692tw=="],

    "@rolldown/binding-win32-arm64-msvc": ["@rolldown/binding-win32-arm64-msvc@1.2.13", "", { "os": "win32", "cpu": "arm64" }, "sha512-6FtUf2cJZobutJdxnGYX8z0vtbgqU0b2v8vfBhkXb9wp2MppMFtkunE+IaOntyi01rkIQoPW2GHABtfzsC0BRQ=="],

    "@rolldown/binding-win32-x64-msvc": ["@rolldown/binding-win32-x64-msvc@1.2.13", "", { "os": "win32", "cpu": "x64" }, "sha512-UKhFaZTeTcbKrb3iU82m17jVcPEAoqDkCN5MBqgPyZSwp/cQmib21crTS0DdH7T1B7wZRWEI89YQAOJMet5yhg=="],

    "@rolldown/pluginutils": ["@rolldown/pluginutils@1.0.1", "", {}, "sha512-2j9bGt5Jh8hj+vPtgzPtl72j0yRxHAyumoo6TNfAjsLB04UtpSvPbPcDcBMxz7n+9CYB0c1GxQFxYRg2jimqGw=="],

    "@tabler/icons": ["@tabler/icons@3.49.0", "", {}, "sha512-l+GnSkFETx0U26icxv1VUFnxxiTqXfCcVRiRAnyMwibupM2S2L/hSaZ9gmSgz01rkrsH/93NvLsxykqdanc6lw=="],

    "@tabler/icons-react": ["@tabler/icons-react@3.49.0", "", { "dependencies": { "@tabler/icons": "3.49.0" }, "peerDependencies": { "react": ">= 16" } }, "sha512-Um59pm5RVNUaQjFUtG0r4oYJbZuBS3tGugAA2tgBg0WufMk34Eio3nsO30RUkLuL2giYPQUNdY9HvqltLLYyNA=="],

    "@types/d3-color": ["@types/d3-color@3.1.3", "", {}, "sha512-iO90scth9WAbmgv7ogoq57O9YpKmFBbmoEoCHDB2xMBY0+/KVrqAaCDyCE16dUspeOvIxFFRI+0sEtqDqy2b4A=="],

    "@types/d3-drag": ["@types/d3-drag@3.0.7", "", { "dependencies": { "@types/d3-selection": "*" } }, "sha512-HE3jVKlzU9AaMazNufooRJ5ZpWmLIoc90A37WU2JMmeq28w1FQqCZswHZ3xR+SuxYftzHq6WU6KJHvqxKzTxxQ=="],

    "@types/d3-interpolate": ["@types/d3-interpolate@3.0.4", "", { "dependencies": { "@types/d3-color": "*" } }, "sha512-mgLPETlrpVV1YRJIglr4Ez47g7Yxjl1lj7YKsiMCb27VJH9W8NVM6Bb9d8kkpG/uAQS5AmbA48q2IAolKKo1MA=="],

    "@types/d3-selection": ["@types/d3-selection@3.0.12", "", {}, "sha512-Qe/KWYhEiIIxGs7HrAAjMfShxKldx19SJtr5zu53f3afPsdZNz7HHtdTLXo/kqeiWNXVycI24kSnfzBYkTzpgw=="],

    "@types/d3-transition": ["@types/d3-transition@3.0.9", "", { "dependencies": { "@types/d3-selection": "*" } }, "sha512-uZS5shfxzO3rGlu0cC3bjmMFKsXv+SmZZcgp0KD22ts4uGXp5EVYGzu/0YdwZeKmddhcAccYtREJKkPfXkZuCg=="],

    "@types/d3-zoom": ["@types/d3-zoom@3.0.9", "", { "dependencies": { "@types/d3-interpolate": "*", "@types/d3-selection": "*" } }, "sha512-0sE1406XBYJGiqD3AusTl9ZqC//2mIXix51tbom25gDCA8ri4xnSZg28CaSE8Srl6FClqABUKfsn0qghgdepMA=="],

    "@types/geojson": ["@types/geojson@7946.0.16", "", {}, "sha512-6C8nqWur3j98U6+lXDfTUWIfgvZU+EumvpHKcYjujKH7woYyLj2sUmff0tRhrqM7BohUw7Pz3ZB1jj2gW9Fvmg=="],

    "@types/node": ["@types/node@24.19.1", "", { "dependencies": { "undici-types": ">=7.24.0 <7.24.7" } }, "sha512-aS3/DG0oM05K0RIXXP+hKjinGG5IgSSVGzswZxW3O0sS3pH4/fycXundUC9XsszgKCk4gHXylTEK6hyFxVxnoQ=="],

    "@types/react": ["@types/react@19.3.0", "", { "dependencies": { "csstype": "^3.2.2" } }, "sha512-N0rFCuH9YoxG9/m61l9MfpJKfmLOVU0em7ipIz6TRgSSkvReLB9vL85GB+yr8Bs5leqpvg96JSwF4ZS1s4viQg=="],

    "@types/react-dom": ["@types/react-dom@19.3.0", "", { "peerDependencies": { "@types/react": "^19.3.0" } }, "sha512-ZI7bU42mZXXKHn/qNLEw2IrbiINU7X5+vfgdixBHkCNpYWXjKgfQ/P+uyGb5CjOLB9UcnTeg3rylQtV2hym44Q=="],

    "@vitejs/plugin-react": ["@vitejs/plugin-react@6.1.2", "", { "dependencies": { "@rolldown/pluginutils": "^1.0.1" }, "peerDependencies": { "@rolldown/plugin-babel": "^0.1.7 || ^0.2.0", "babel-plugin-react-compiler": "^1.0.0", "oxc-transform-react": "^0.152.0", "vite": "^8.0.0" }, "optionalPeers": ["@rolldown/plugin-babel", "babel-plugin-react-compiler", "oxc-transform-react"] }, "sha512-fhJNGUdscQa4HkI0xFxwonWyhnVReCPDbXI7FH7jmzpnVCrFQI7PRrhWecO263610vOrs9tr2Y4xcf8uAdFxbw=="],

    "@xyflow/react": ["@xyflow/react@12.12.0", "", { "dependencies": { "@xyflow/system": "0.0.83", "classcat": "^5.0.3", "zustand": "^4.4.0" }, "peerDependencies": { "@types/react": ">=17", "@types/react-dom": ">=17", "react": ">=17", "react-dom": ">=17" }, "optionalPeers": ["@types/react", "@types/react-dom"] }, "sha512-74oXI0Rgm1Eu33cHQAd74J6oVgCH9mbFyTVQbsGgp2kmWwh0HdtBr2VP04z8mbPD+M/xO69nqG5dDEt7/EN2rQ=="],

    "@xyflow/system": ["@xyflow/system@0.0.83", "", { "dependencies": { "@types/d3-drag": "^3.0.7", "@types/d3-interpolate": "^3.0.4", "@types/d3-selection": "^3.0.10", "@types/d3-transition": "^3.0.8", "@types/d3-zoom": "^3.0.8", "d3-drag": "^3.0.0", "d3-interpolate": "^3.0.1", "d3-selection": "^3.0.0", "d3-zoom": "^3.0.0" } }, "sha512-a//eDjez3WZF47aaPTfVUDD0OINOq+WVwBZCRTqG+m0a5euX8EwlJ4jMY1Wxz0Ocj4xOeekJ70V22Pq0ll8RJw=="],

    "bidi-js": ["bidi-js@1.1.0", "", { "dependencies": { "require-from-string": "^2.0.2" } }, "sha512-fX1Onk0tdVPC7obPWB5EbJ1z7NVhLq4m2xZLq2YXBkxzMXIGRpNMU88n0EPgWseKl12J7zXs7qrDxPK4sRs2fg=="],

    "classcat": ["classcat@5.0.5", "", {}, "sha512-JhZUT7JFcQy/EzW605k/ktHtncoo9vnyW/2GspNYwFlN1C/WmjuV/xtS04e9SOkL2sTdw0VAZ2UGCcQ9lR6p6w=="],

    "clsx": ["clsx@2.1.1", "", {}, "sha512-eYm0QWBtUrBWZWG0d386OGAw16Z995PiOVo2B7bjWSbHedGl5e0ZWaq65kOGgUSNesEIDkB9ISbTg/JK9dhCZA=="],

    "cookie-es": ["cookie-es@3.1.1", "", {}, "sha512-UaXxwISYJPTr9hwQxMFYZ7kNhSXboMXP+Z3TRX6f1/NyaGPfuNUZOWP1pUEb75B2HjfklIYLVRfWiFZJyC6Npg=="],

    "csstype": ["csstype@3.2.3", "", {}, "sha512-z1HGKcYy2xA8AGQfwrn0PAy+PB7X/GSj3UVJW9qKyn43xWa+gl5nXmU4qqLMRzWVLFC8KusUX8T/0kCiOYpAIQ=="],

    "d3-color": ["d3-color@3.1.0", "", {}, "sha512-zg/chbXyeBtMQ1LbD/WSoW2DpC3I0mpmPdW+ynRTj/x2DAWYrIY7qeZIHidozwV24m4iavr15lNwIwLxRmOxhA=="],

    "d3-dispatch": ["d3-dispatch@3.0.1", "", {}, "sha512-rzUyPU/S7rwUflMyLc1ETDeBj0NRuHKKAcvukozwhshr6g6c5d8zh4c2gQjY2bZ0dXeGLWc1PF174P2tVvKhfg=="],

    "d3-drag": ["d3-drag@3.0.0", "", { "dependencies": { "d3-dispatch": "1 - 3", "d3-selection": "3" } }, "sha512-pWbUJLdETVA8lQNJecMxoXfH6x+mO2UQo8rSmZ+QqxcbyA3hfeprFgIT//HW2nlHChWeIIMwS2Fq+gEARkhTkg=="],

    "d3-ease": ["d3-ease@3.0.1", "", {}, "sha512-wR/XK3D3XcLIZwpbvQwQ5fK+8Ykds1ip7A2Txe0yxncXSdq1L9skcG7blcedkOX+ZcgxGAmLX1FrRGbADwzi0w=="],

    "d3-interpolate": ["d3-interpolate@3.0.1", "", { "dependencies": { "d3-color": "1 - 3" } }, "sha512-3bYs1rOD33uo8aqJfKP3JWPAibgw8Zm2+L9vBKEHJ2Rg+viTR7o5Mmv5mZcieN+FRYaAOWX5SJATX6k1PWz72g=="],

    "d3-selection": ["d3-selection@3.0.0", "", {}, "sha512-fmTRWbNMmsmWq6xJV8D19U/gw/bwrHfNXxrIN+HfZgnzqTHp9jOmKMhsTUjXOJnZOdZY9Q28y4yebKzqDKlxlQ=="],

    "d3-timer": ["d3-timer@3.0.1", "", {}, "sha512-ndfJ/JxxMd3nw31uyKoY2naivF+r29V+Lc0svZxe1JvvIRmi8hUsrMvdOwgS1o6uBHmiz91geQ0ylPP0aj1VUA=="],

    "d3-transition": ["d3-transition@3.0.1", "", { "dependencies": { "d3-color": "1 - 3", "d3-dispatch": "1 - 3", "d3-ease": "1 - 3", "d3-interpolate": "1 - 3", "d3-timer": "1 - 3" }, "peerDependencies": { "d3-selection": "2 - 3" } }, "sha512-ApKvfjsSR6tg06xrL434C0WydLr7JewBB3V+/39RMHsaXTOG0zmt/OAXeng5M5LBm0ojmxJrpomQVZ1aPvBL4w=="],

    "d3-zoom": ["d3-zoom@3.0.0", "", { "dependencies": { "d3-dispatch": "1 - 3", "d3-drag": "2 - 3", "d3-interpolate": "1 - 3", "d3-selection": "2 - 3", "d3-transition": "2 - 3" } }, "sha512-b8AmV3kfQaqWAuacbPuNbL6vahnOJflOhexLzMMNLga62+/nh0JzvJ0aO/5a5MVgUFGS7Hu1P9P03o3fJkDCyw=="],

    "detect-libc": ["detect-libc@2.1.2", "", {}, "sha512-Btj2BOOO83o3WyH59e8MgXsxEQVcarkUOpEYrubB0urwnN10yQ364rsiByU11nZlqWYZm05i/of7io4mzihBtQ=="],

    "detect-node-es": ["detect-node-es@1.1.0", "", {}, "sha512-ypdmJU/TbBby2Dxibuv7ZLW3Bs1QEmM7nHjEANfohJLvE0XVujisn1qPJcZxg+qDucsr+bP6fLD1rPS3AhJ7EQ=="],

    "earcut": ["earcut@3.2.4", "", {}, "sha512-FHc6yNpnTORB0tM5kmZ03iD2mDuNakDE2lvf4Hw1XkfxtEHIGVi01B/GqUSwx+NcC1WGjidAfpTXzeALtPtfpg=="],

    "elkjs": ["elkjs@0.12.0", "", {}, "sha512-YZcKynxVxYoKIOEpywEPwCFdg+BTbxQRNf3pbwdDCvc8O3kQD8bmIwSxKU1eOTVc4Xo+VG9Te+575mlfvOrhEQ=="],

    "fdir": ["fdir@6.5.0", "", { "peerDependencies": { "picomatch": "^3 || ^4" }, "optionalPeers": ["picomatch"] }, "sha512-tIbYtZbucOs0BRGqPJkshJUYdL+SDH7dVM8gjy+ERp3WAUjLEFJE+02kanyHtwjWOnwrKYBiwAmM0p4kLJAnXg=="],

    "fsevents": ["fsevents@2.3.3", "", { "os": "darwin" }, "sha512-5xoDfX+fL7faATnagmWPpbFtwh/R77WmMMqqHGS65C3vvB0YHrgF+B1YmZ3441tMj5n63k0212XNoJwzlhffQw=="],

    "get-nonce": ["get-nonce@1.0.1", "", {}, "sha512-FJhYRoDaiatfEkUK8HKlicmu/3SGFD51q3itKDGoSTysQJBnfOcxU5GxnhE1E6soB76MbT0MBtnKJuXyAx+96Q=="],

    "gl-matrix": ["gl-matrix@3.4.4", "", {}, "sha512-latSnyDNt/8zYUB6VIJ6PCh2jBjJX6gnDsoCZ7LyW7GkqrD51EWwa9qCoGixj8YqBtETQK/xY7OmpTF8xz1DdQ=="],

    "highlight.js": ["highlight.js@11.12.0", "", {}, "sha512-nbfWpyRMcMrPMmDwJB+dhX/eiaPKtc2RB+0QZskqJ3WjRA/FDS0e9hZrx8EC/lbEv8gXy98FcDbNa/dspAaJMg=="],

    "json-stringify-pretty-compact": ["json-stringify-pretty-compact@4.0.0", "", {}, "sha512-3CNZ2DnrpByG9Nqj6Xo8vqbjT4F6N+tb4Gb28ESAZjYZ5yqvmc56J+/kuIwkaAMOyblTQhUW7PxMkUb8Q36N3Q=="],

    "kdbush": ["kdbush@4.1.0", "", {}, "sha512-e9vurzrXJQrFX6ckpHP3bvj5l+9CnYzkxDNnNQ1h2QTqdWsUAJgXiKdGNcOa1EY85dU8KbQ+z/FdQdB7P+9yfQ=="],

    "lightningcss": ["lightningcss@1.33.0", "", { "dependencies": { "detect-libc": "^2.0.3" }, "optionalDependencies": { "lightningcss-android-arm64": "1.33.0", "lightningcss-darwin-arm64": "1.33.0", "lightningcss-darwin-x64": "1.33.0", "lightningcss-freebsd-x64": "1.33.0", "lightningcss-linux-arm-gnueabihf": "1.33.0", "lightningcss-linux-arm64-gnu": "1.33.0", "lightningcss-linux-arm64-musl": "1.33.0", "lightningcss-linux-x64-gnu": "1.33.0", "lightningcss-linux-x64-musl": "1.33.0", "lightningcss-win32-arm64-msvc": "1.33.0", "lightningcss-win32-x64-msvc": "1.33.0" } }, "sha512-WkUDrojuJs0xkgGf2udWxa3yGBRxPtxUkB79i6aCZLRgc7PM8fZe9TosfPDcvEpQZbuFASnHYmRLBLUbmLOIIA=="],

    "lightningcss-android-arm64": ["lightningcss-android-arm64@1.33.0", "", { "os": "android", "cpu": "arm64" }, "sha512-gEpRTalKdosp4Bb8qWtc2iOgE5SeIHlpS1up9bFq2wAyYhl1UdTObYiHe98zEM9SQvSoqQZ1IQD0JNpg3Ml5pg=="],

    "lightningcss-darwin-arm64": ["lightningcss-darwin-arm64@1.33.0", "", { "os": "darwin", "cpu": "arm64" }, "sha512-Sciaz8eenNTKn9b3t7+xr0ipTp9YxKQY4npwQ3mrRuL0BAVHBLyZxofhaKBAVtzmtRZ/zTyo0/to4B1uWG/Djg=="],

    "lightningcss-darwin-x64": ["lightningcss-darwin-x64@1.33.0", "", { "os": "darwin", "cpu": "x64" }, "sha512-Z5UPAxzrjlWNNyGy6i65cJzzvgJ5D3T6wMvs+gWpY9d7qRhANrxqAp6LhxIgZhWEw18RfJTGcRxjuLIBr+m8XQ=="],

    "lightningcss-freebsd-x64": ["lightningcss-freebsd-x64@1.33.0", "", { "os": "freebsd", "cpu": "x64" }, "sha512-QQM/Ti/hQajJwCY+RiWuCZ9sdtI/XQk7nDK5vC8kkdwixezOlDgvDx7+RT+QjK6FcFT4MpsuoBnHIo/O3StRRg=="],

    "lightningcss-linux-arm-gnueabihf": ["lightningcss-linux-arm-gnueabihf@1.33.0", "", { "os": "linux", "cpu": "arm" }, "sha512-N7FVBe6iS24MlM6R/4RBTxGhQheZGs7tiQ9U32UtF75NzP5Q7xWPRqLBCKxlRQRk3rY1jCIPLzx7WzOhuUIRLQ=="],

    "lightningcss-linux-arm64-gnu": ["lightningcss-linux-arm64-gnu@1.33.0", "", { "os": "linux", "cpu": "arm64" }, "sha512-j2v/itmy4HlNxlc6voKXYgBqNi0Ng2LShg4z7GufpEgs05P+2suBVyi9I6YHq5uoVFx9ETin3eCEhLVyXGQnKg=="],

    "lightningcss-linux-arm64-musl": ["lightningcss-linux-arm64-musl@1.33.0", "", { "os": "linux", "cpu": "arm64" }, "sha512-yiO5ROMuYQgXbC60yjZU5CYSFZGKXL0HFATXt9mHJn1+zW55oCtMI9NfcVhYLMFDL7gV7oBPon/EmMMGg2OvtQ=="],

    "lightningcss-linux-x64-gnu": ["lightningcss-linux-x64-gnu@1.33.0", "", { "os": "linux", "cpu": "x64" }, "sha512-ar+Ju7LmcN0Jo4FpL4hpFybwNG9/3A/Br5KW2n2jyODg3MEZXaDYADdemoNS+BDNfMgKvylJLj4S5tyRActuAg=="],

    "lightningcss-linux-x64-musl": ["lightningcss-linux-x64-musl@1.33.0", "", { "os": "linux", "cpu": "x64" }, "sha512-RYiYbkokw0trfKqqzfF55lginwEPrD3OJDfTuJzFs1MK6iFnDenaz1fqLLtX4ITG3OktJQXOeTaw1awrBAlZPw=="],

    "lightningcss-win32-arm64-msvc": ["lightningcss-win32-arm64-msvc@1.33.0", "", { "os": "win32", "cpu": "arm64" }, "sha512-1K+MPfLSFVpphzpdbfkhlWk6wBrTObBzS2T6db10PNOZgR9GoVsAWzwNyuhUYYbTp23j+4RrncfujZ4uAzXvwA=="],

    "lightningcss-win32-x64-msvc": ["lightningcss-win32-x64-msvc@1.33.0", "", { "os": "win32", "cpu": "x64" }, "sha512-OlEICDx/Xl0FqSp4bry8zFnCvGpig3Gl4gCquvYwHuqJKEC1+n9NgDniFvqHGmMv1ZkqDJrDqKKSykTDX+ehuA=="],

    "maplibre-gl": ["maplibre-gl@6.13.0", "", { "dependencies": { "@mapbox/point-geometry": "^1.1.0", "@mapbox/tiny-sdf": "^2.2.0", "@mapbox/unitbezier": "^1.0.0", "@mapbox/vector-tile": "^3.0.0", "@maplibre/geojson-vt": "^6.1.2", "@maplibre/maplibre-gl-style-spec": "^26.4.4", "@maplibre/mlt": "^1.3.0", "@maplibre/vt-pbf": "^4.3.2", "@types/geojson": "^7946.0.16", "bidi-js": "^1.1.0", "earcut": "^3.2.4", "gl-matrix": "^3.4.4", "kdbush": "^4.1.0", "murmurhash-js": "^1.0.0", "pbf": "^5.1.2", "potpack": "^2.1.0", "quickselect": "^3.0.0", "tinyqueue": "^3.0.0" } }, "sha512-ELXk4h+xl0URFQEnVbAN6MGn61P6jq4amUWHiskLVsvHCaKdf1Zq6G8UNOD0AQ3UaXoL5ECc8ovz8yqYEBGPKw=="],

    "minimist": ["minimist@1.2.8", "", {}, "sha512-2yyAR8qBkN3YuheJanUpWC5U3bb5osDywNB8RzDVlDwDHbocAJveqqj1u8+SVD7jkWT4yvsHCpWqqWqAxb0zCA=="],

    "murmurhash-js": ["murmurhash-js@1.0.0", "", {}, "sha512-TvmkNhkv8yct0SVBSy+o8wYzXjE4Zz3PCesbfs8HiCXXdcTuocApFv11UWlNFWKYsP2okqrhb7JNlSm9InBhIw=="],

    "nanoid": ["nanoid@3.3.20", "", { "bin": { "nanoid": "bin/nanoid.cjs" } }, "sha512-uKdg2G3GNCKQn9byYOpxbGqrT2fGO5KRt5J/8b3pok8rT6qxGWF6hxMyJiEYtAf+FVyYuD9hRaDqX5uPFYJ4ZQ=="],

    "oxlint": ["oxlint@1.87.0", "", { "optionalDependencies": { "@oxlint/binding-android-arm-eabi": "1.87.0", "@oxlint/binding-android-arm64": "1.87.0", "@oxlint/binding-darwin-arm64": "1.87.0", "@oxlint/binding-darwin-x64": "1.87.0", "@oxlint/binding-freebsd-x64": "1.87.0", "@oxlint/binding-linux-arm-gnueabihf": "1.87.0", "@oxlint/binding-linux-arm-musleabihf": "1.87.0", "@oxlint/binding-linux-arm64-gnu": "1.87.0", "@oxlint/binding-linux-arm64-musl": "1.87.0", "@oxlint/binding-linux-ppc64-gnu": "1.87.0", "@oxlint/binding-linux-riscv64-gnu": "1.87.0", "@oxlint/binding-linux-riscv64-musl": "1.87.0", "@oxlint/binding-linux-s390x-gnu": "1.87.0", "@oxlint/binding-linux-x64-gnu": "1.87.0", "@oxlint/binding-linux-x64-musl": "1.87.0", "@oxlint/binding-openharmony-arm64": "1.87.0", "@oxlint/binding-win32-arm64-msvc": "1.87.0", "@oxlint/binding-win32-ia32-msvc": "1.87.0", "@oxlint/binding-win32-x64-msvc": "1.87.0" }, "peerDependencies": { "oxlint-tsgolint": ">=7.0.2003", "vite-plus": "*" }, "optionalPeers": ["oxlint-tsgolint", "vite-plus"], "bin": { "oxlint": "bin/oxlint" } }, "sha512-drxVlaW7Oqq7wSy1CN25znRu00aRq8n57Q2wniJRxCmtYVz07ufCm7EVDPQFZURrTgQIjzKrVEHAD/HcvJXObg=="],

    "pbf": ["pbf@5.1.2", "", { "dependencies": { "resolve-protobuf-schema": "^2.1.0" }, "bin": { "pbf": "bin/pbf" } }, "sha512-mnvGdvOrIvJOBGUEdGkrVXjN8E/VkIJCkf2eS1DH2yv82ORUlLttmDt0rWY38yYZmVwciZwBUvHM20qxBZf40w=="],

    "picocolors": ["picocolors@1.1.1", "", {}, "sha512-xceH2snhtb5M9liqDsmEw56le376mTZkEX/jEb/RxNFyegNul7eNslCXP9FDj/Lcu0X8KEyMceP2ntpaHrDEVA=="],

    "picomatch": ["picomatch@4.0.7", "", {}, "sha512-qcJu88Q2IWqJsDD529JKMdwGm/dvInW4HvQnRwiH9JtihJvzGOscDtHE3x1pBKeUOTysQ8kVmLnJ2kJu7yhcGA=="],

    "postcss": ["postcss@8.5.29", "", { "dependencies": { "nanoid": "^3.3.19", "picocolors": "^1.1.1", "source-map-js": "^1.2.2" } }, "sha512-49cGhUbXj8Qenv0iTMxA1cFBzxXoctpC9Ujd77t1WcbJIr6nF/eI7g/8MgxrYldFRuAXvja7xQRwavoW7kgrxQ=="],

    "potpack": ["potpack@2.1.0", "", {}, "sha512-pcaShQc1Shq0y+E7GqJqvZj8DTthWV1KeHGdi0Z6IAin2Oi3JnLCOfwnCo84qc+HAp52wT9nK9H7FAJp5a44GQ=="],

    "protocol-buffers-schema": ["protocol-buffers-schema@3.6.1", "", {}, "sha512-VG2K63Igkiv9p76tk1lilczEK1cT+kCjKtkdhw1dQZV3k3IXJbd3o6Ho8b9zJZaHSnT2hKe4I+ObmX9w6m5SmQ=="],

    "quickselect": ["quickselect@3.0.0", "", {}, "sha512-XdjUArbK4Bm5fLLvlm5KpTFOiOThgfWWI4axAZDWg4E/0mKdZyI9tNEfds27qCi1ze/vwTR16kvmmGhRra3c2g=="],

    "react": ["react@19.3.0", "", {}, "sha512-E8LUcbtBWt20bbl2YoHfx4ZDBdxVTfOKtCZn9cDSJ4l6/nuoApcpIBcj47t2wZoVX8g2ZHuMHbiShgCR1T5Sog=="],

    "react-dom": ["react-dom@19.3.0", "", { "dependencies": { "scheduler": "^0.28.0" }, "peerDependencies": { "react": "^19.3.0" } }, "sha512-JDk8dgif51OjFoDE70+OT9ICyYr+69HlmihNwp1+Nsfbna3t5sIiCa9ZJktDmQ4/1b/rn26hIAR2uYXDMr5r0Q=="],

    "react-number-format": ["react-number-format@5.4.5", "", { "peerDependencies": { "react": "^0.14 || ^15.0.0 || ^16.0.0 || ^17.0.0 || ^18.0.0 || ^19.0.0", "react-dom": "^0.14 || ^15.0.0 || ^16.0.0 || ^17.0.0 || ^18.0.0 || ^19.0.0" } }, "sha512-y8O2yHHj3w0aE9XO8d2BCcUOOdQTRSVq+WIuMlLVucAm5XNjJAy+BoOJiuQMldVYVOKTMyvVNfnbl2Oqp+YxGw=="],

    "react-remove-scroll": ["react-remove-scroll@2.7.2", "", { "dependencies": { "react-remove-scroll-bar": "^2.3.7", "react-style-singleton": "^2.2.3", "tslib": "^2.1.0", "use-callback-ref": "^1.3.3", "use-sidecar": "^1.1.3" }, "peerDependencies": { "@types/react": "*", "react": "^16.8.0 || ^17.0.0 || ^18.0.0 || ^19.0.0 || ^19.0.0-rc" }, "optionalPeers": ["@types/react"] }, "sha512-Iqb9NjCCTt6Hf+vOdNIZGdTiH1QSqr27H/Ek9sv/a97gfueI/5h1s3yRi1nngzMUaOOToin5dI1dXKdXiF+u0Q=="],

    "react-remove-scroll-bar": ["react-remove-scroll-bar@2.3.8", "", { "dependencies": { "react-style-singleton": "^2.2.2", "tslib": "^2.0.0" }, "peerDependencies": { "@types/react": "*", "react": "^16.8.0 || ^17.0.0 || ^18.0.0 || ^19.0.0" }, "optionalPeers": ["@types/react"] }, "sha512-9r+yi9+mgU33AKcj6IbT9oRCO78WriSj6t/cF8DWBZJ9aOGPOTEDvdUDz1FwKim7QXWwmHqtdHnRJfhAxEG46Q=="],

    "react-router": ["react-router@8.4.0", "", { "dependencies": { "@remix-run/route-pattern": "^0.22.1", "cookie-es": "^3.1.1" }, "peerDependencies": { "react": ">=19.2.7", "react-dom": ">=19.2.7" }, "optionalPeers": ["react-dom"] }, "sha512-JtydAkBvU9UTEe5qNC+POhu+ZBNM7rlKY2IegwXc7Idj7xfRG16x5RZrw3mju+XlqBxfvb2ky9P3jUp9WyWC1g=="],

    "react-style-singleton": ["react-style-singleton@2.2.3", "", { "dependencies": { "get-nonce": "^1.0.0", "tslib": "^2.0.0" }, "peerDependencies": { "@types/react": "*", "react": "^16.8.0 || ^17.0.0 || ^18.0.0 || ^19.0.0 || ^19.0.0-rc" }, "optionalPeers": ["@types/react"] }, "sha512-b6jSvxvVnyptAiLjbkWLE/lOnR4lfTtDAl+eUC7RZy+QQWc6wRzIV2CE6xBuMmDxc2qIihtDCZD5NPOFl7fRBQ=="],

    "require-from-string": ["require-from-string@2.0.2", "", {}, "sha512-Xf0nWe6RseziFMu+Ap9biiUbmplq6S9/p+7w7YXP/JBHhrUDDUhwa+vANyubuqfZWTveU//DYVGsDG7RKL/vEw=="],

    "resolve-protobuf-schema": ["resolve-protobuf-schema@2.1.0", "", { "dependencies": { "protocol-buffers-schema": "^3.3.1" } }, "sha512-kI5ffTiZWmJaS/huM8wZfEMer1eRd7oJQhDuxeCLe3t7N7mX3z94CN0xPxBQxFYQTSNz9T0i+v6inKqSdK8xrQ=="],

    "rolldown": ["rolldown@1.2.13", "", { "dependencies": { "@oxc-project/types": "=0.153.0", "@rolldown/pluginutils": "^1.0.0" }, "optionalDependencies": { "@rolldown/binding-android-arm-eabi": "1.2.13", "@rolldown/binding-android-arm64": "1.2.13", "@rolldown/binding-darwin-arm64": "1.2.13", "@rolldown/binding-darwin-x64": "1.2.13", "@rolldown/binding-freebsd-x64": "1.2.13", "@rolldown/binding-linux-arm-gnueabihf": "1.2.13", "@rolldown/binding-linux-arm64-gnu": "1.2.13", "@rolldown/binding-linux-arm64-musl": "1.2.13", "@rolldown/binding-linux-ppc64-gnu": "1.2.13", "@rolldown/binding-linux-s390x-gnu": "1.2.13", "@rolldown/binding-linux-x64-gnu": "1.2.13", "@rolldown/binding-linux-x64-musl": "1.2.13", "@rolldown/binding-openharmony-arm64": "1.2.13", "@rolldown/binding-win32-arm64-msvc": "1.2.13", "@rolldown/binding-win32-x64-msvc": "1.2.13" }, "bin": { "rolldown": "./bin/cli.mjs" } }, "sha512-/5apOkwWxtACcQtZ5WlrAsKS4JwXVThQPJZ3RqIruRY9UG9M8e0VlXN068xum/JRKA4aIUoJ13ghe/kGCvidiQ=="],

    "scheduler": ["scheduler@0.28.0", "", {}, "sha512-juorfCmIkIw8tT+p5BXSm6PJjQF/ycEYmKyzURCIt/RaZIhL+PulbQ9Yu2z1HdOJDdqDTlxA1+xKBmHXJsczAw=="],

    "source-map-js": ["source-map-js@1.2.2", "", {}, "sha512-KGj/8Y43x35aZVDtt+J4mK1hoLGHULMYfSkODJNQjNDC3oW1PqPoxMwo0pLUsWM/UEGzON/NxeHywEfNXNP3Vw=="],

    "tabbable": ["tabbable@6.5.0", "", {}, "sha512-wieBHXygIm7OyQOu5hQlkk62/WyCFYGlWg7L6/ZCUZwx0o398Zkn4pVmMyfYhfMG8kGrj/Krt8eIk6UKC6VzwA=="],

    "tagged-tag": ["tagged-tag@1.0.0", "", {}, "sha512-yEFYrVhod+hdNyx7g5Bnkkb0G6si8HJurOoOEgC8B/O0uXLHlaey/65KRv6cuWBNhBgHKAROVpc7QyYqE5gFng=="],

    "tinyglobby": ["tinyglobby@0.2.17", "", { "dependencies": { "fdir": "^6.5.0", "picomatch": "^4.0.4" } }, "sha512-wXR/dYpcqKmfWpEdZjiKJOwCNFndD0DMnrW/cYjVGttEkBfVgcLFHoNrlj47mjOVic9yyNu65alsgF4NQyTa2g=="],

    "tinyqueue": ["tinyqueue@3.0.0", "", {}, "sha512-gRa9gwYU3ECmQYv3lslts5hxuIa90veaEcxDYuu3QGOIAEM2mOZkVHp48ANJuu1CURtRdHKUBY5Lm1tHV+sD4g=="],

    "tslib": ["tslib@2.8.1", "", {}, "sha512-oJFu94HQb+KVduSUQL7wnpmqnfmLsOA/nAh6b6EH0wCEoK0/mPeXU6c3wKDV83MkOuHPRHtSXKKU99IBazS/2w=="],

    "type-fest": ["type-fest@5.10.0", "", { "dependencies": { "tagged-tag": "^1.0.0" } }, "sha512-NoSdpq/WEiAg5sjmBkmV/hfxv6HJH4NqPNrqjtSO5CwRmpsDfaf4begxW34KdJykH/l1yHtwBWQkCRdoXO8mPA=="],

    "typescript": ["typescript@6.0.3", "", { "bin": { "tsc": "bin/tsc", "tsserver": "bin/tsserver" } }, "sha512-y2TvuxSZPDyQakkFRPZHKFm+KKVqIisdg9/CZwm9ftvKXLP8NRWj38/ODjNbr43SsoXqNuAisEf1GdCxqWcdBw=="],

    "undici-types": ["undici-types@7.24.6", "", {}, "sha512-WRNW+sJgj5OBN4/0JpHFqtqzhpbnV0GuB+OozA9gCL7a993SmU+1JBZCzLNxYsbMfIeDL+lTsphD5jN5N+n0zg=="],

    "use-callback-ref": ["use-callback-ref@1.3.3", "", { "dependencies": { "tslib": "^2.0.0" }, "peerDependencies": { "@types/react": "*", "react": "^16.8.0 || ^17.0.0 || ^18.0.0 || ^19.0.0 || ^19.0.0-rc" }, "optionalPeers": ["@types/react"] }, "sha512-jQL3lRnocaFtu3V00JToYz/4QkNWswxijDaCVNZRiRTO3HQDLsdu1ZtmIUvV4yPp+rvWm5j0y0TG/S61cuijTg=="],

    "use-sidecar": ["use-sidecar@1.1.3", "", { "dependencies": { "detect-node-es": "^1.1.0", "tslib": "^2.0.0" }, "peerDependencies": { "@types/react": "*", "react": "^16.8.0 || ^17.0.0 || ^18.0.0 || ^19.0.0 || ^19.0.0-rc" }, "optionalPeers": ["@types/react"] }, "sha512-Fedw0aZvkhynoPYlA5WXrMCAMm+nSWdZt6lzJQ7Ok8S6Q+VsHmHpRWndVRJ8Be0ZbkfPc5LRYH+5XrzXcEeLRQ=="],

    "use-sync-external-store": ["use-sync-external-store@1.7.0", "", { "peerDependencies": { "react": "^16.8.0 || ^17.0.0 || ^18.0.0 || ^19.0.0" } }, "sha512-6L+EeigHMQhdaIPNIFUKwfWJSwWFQ8gJbJ2DLOs5sDIegTwR9fRxvnM3uciHKjIZhFz+KAv2emhWMRvDmMcY8A=="],

    "vite": ["vite@8.3.4", "", { "dependencies": { "lightningcss": "^1.33.0", "picomatch": "^4.0.7", "postcss": "^8.5.29", "rolldown": "~1.2.12", "tinyglobby": "^0.2.17" }, "optionalDependencies": { "fsevents": "~2.3.3" }, "peerDependencies": { "@types/node": "^20.19.0 || >=22.12.0", "@vitejs/devtools": "^0.7.1", "esbuild": "^0.27.0 || ^0.28.0", "jiti": ">=1.21.0", "less": "^4.0.0", "sass": "^1.70.0", "sass-embedded": "^1.70.0", "stylus": ">=0.54.8", "sugarss": "^5.0.0", "terser": "^5.16.0", "tsx": "^4.8.1", "yaml": "^2.4.2" }, "optionalPeers": ["@types/node", "@vitejs/devtools", "esbuild", "jiti", "less", "sass", "sass-embedded", "stylus", "sugarss", "terser", "tsx", "yaml"], "bin": { "vite": "bin/vite.js" } }, "sha512-IftLE8phJhdNRIGNEV4JCCvfNScoZQVfcXaN8TQropWGJtOHcu+iAB9pHcuGvmEb/kddw0LBe/jS8ztdC6xdiQ=="],

    "web": ["web@workspace:apps/web"],

    "zustand": ["zustand@4.5.7", "", { "dependencies": { "use-sync-external-store": "^1.2.2" }, "peerDependencies": { "@types/react": ">=16.8", "immer": ">=9.0.6", "react": ">=16.8" }, "optionalPeers": ["@types/react", "immer", "react"] }, "sha512-CHOUy7mu3lbD6o6LJLfllpjkzhHXSBlX8B9+qPddUsIfeF5S/UZ5q0kmCsnRqT1UHFQZchNFDDzMbQsuesHWlw=="],
  }
}
